
Microsoft Visual Studio Solution File, Format Version 12.00
# Visual Studio Version 17
VisualStudioVersion = 17.0.31903.59
MinimumVisualStudioVersion = 10.0.40219.1
Project("{2150E333-8FDC-42A3-9474-1A3956D46DE8}") = "src", "src", "{827E0CD3-B72D-47B6-A68D-7590B98EB39B}"
EndProject
Project("{FAE04EC0-301F-11D3-BF4B-00C04F79EFBC}") = "Shmembee.Core", "src\Shmembee.Core\Shmembee.Core.csproj", "{6998ABDC-8EEE-4330-B124-1DE8DC796756}"
EndProject
Project("{FAE04EC0-301F-11D3-BF4B-00C04F79EFBC}") = "Shmembee.Application", "src\Shmembee.Application\Shmembee.Application.csproj", "{0C549B87-BCD9-49F0-8975-7A39ED34E3B6}"
EndProject
Project("{FAE04EC0-301F-11D3-BF4B-00C04F79EFBC}") = "Shmembee.Infrastructure", "src\Shmembee.Infrastructure\Shmembee.Infrastructure.csproj", "{217E9C68-3329-41CB-B32E-AE78E6892928}"
EndProject
Project("{FAE04EC0-301F-11D3-BF4B-00C04F79EFBC}") = "Shmembee.Windows", "src\Shmembee.Windows\Shmembee.Windows.csproj", "{16B0CF1C-5D7B-46D5-9311-94C1435285CA}"
EndProject
Project("{FAE04EC0-301F-11D3-BF4B-00C04F79EFBC}") = "Shmembee.MusicBee", "src\Shmembee.MusicBee\Shmembee.MusicBee.csproj", "{6EC28DDC-8960-4BBC-9AE1-AA7BB50804B3}"
EndProject
Project("{FAE04EC0-301F-11D3-BF4B-00C04F79EFBC}") = "Shmembee.Core.Tests", "tests\Shmembee.Core.Tests\Shmembee.Core.Tests.csproj", "{A6C0322E-756F-46A5-B90F-79A9DF480280}"
EndProject
Project("{FAE04EC0-301F-11D3-BF4B-00C04F79EFBC}") = "Shmembee.WpdSidecar", "src\Shmembee.WpdSidecar\Shmembee.WpdSidecar.csproj", "{73FEBCAF-6888-4E06-B32C-ED83AA97B00A}"
EndProject
Global
	GlobalSection(SolutionConfigurationPlatforms) = preSolution
		Debug|Any CPU = Debug|Any CPU
		Debug|x64 = Debug|x64
		Debug|x86 = Debug|x86
		Release|Any CPU = Release|Any CPU
		Release|x64 = Release|x64
		Release|x86 = Release|x86
	EndGlobalSection
	GlobalSection(ProjectConfigurationPlatforms) = postSolution
		{6998ABDC-8EEE-4330-B124-1DE8DC796756}.Debug|Any CPU.ActiveCfg = Debug|Any CPU
		{6998ABDC-8EEE-4330-B124-1DE8DC796756}.Debug|Any CPU.Build.0 = Debug|Any CPU
		{6998ABDC-8EEE-4330-B124-1DE8DC796756}.Debug|x64.ActiveCfg = Debug|Any CPU
		{6998ABDC-8EEE-4330-B124-1DE8DC796756}.Debug|x64.Build.0 = Debug|Any CPU
		{6998ABDC-8EEE-4330-B124-1DE8DC796756}.Debug|x86.ActiveCfg = Debug|Any CPU
		{6998ABDC-8EEE-4330-B124-1DE8DC796756}.Debug|x86.Build.0 = Debug|Any CPU
		{6998ABDC-8EEE-4330-B124-1DE8DC796756}.Release|Any CPU.ActiveCfg = Release|Any CPU
		{6998ABDC-8EEE-4330-B124-1DE8DC796756}.Release|Any CPU.Build.0 = Release|Any CPU
		{6998ABDC-8EEE-4330-B124-1DE8DC796756}.Release|x64.ActiveCfg = Release|Any CPU
		{6998ABDC-8EEE-4330-B124-1DE8DC796756}.Release|x64.Build.0 = Release|Any CPU
		{6998ABDC-8EEE-4330-B124-1DE8DC796756}.Release|x86.ActiveCfg = Release|Any CPU
		{6998ABDC-8EEE-4330-B124-1DE8DC796756}.Release|x86.Build.0 = Release|Any CPU
		{0C549B87-BCD9-49F0-8975-7A39ED34E3B6}.Debug|Any CPU.ActiveCfg = Debug|Any CPU
		{0C549B87-BCD9-49F0-8975-7A39ED34E3B6}.Debug|Any CPU.Build.0 = Debug|Any CPU
		{0C549B87-BCD9-49F0-8975-7A39ED34E3B6}.Debug|x64.ActiveCfg = Debug|Any CPU
		{0C549B87-BCD9-49F0-8975-7A39ED34E3B6}.Debug|x64.Build.0 = Debug|Any CPU
		{0C549B87-BCD9-49F0-8975-7A39ED34E3B6}.Debug|x86.ActiveCfg = Debug|Any CPU
		{0C549B87-BCD9-49F0-8975-7A39ED34E3B6}.Debug|x86.Build.0 = Debug|Any CPU
		{0C549B87-BCD9-49F0-8975-7A39ED34E3B6}.Release|Any CPU.ActiveCfg = Release|Any CPU
		{0C549B87-BCD9-49F0-8975-7A39ED34E3B6}.Release|Any CPU.Build.0 = Release|Any CPU
		{0C549B87-BCD9-49F0-8975-7A39ED34E3B6}.Release|x64.ActiveCfg = Release|Any CPU
		{0C549B87-BCD9-49F0-8975-7A39ED34E3B6}.Release|x64.Build.0 = Release|Any CPU
		{0C549B87-BCD9-49F0-8975-7A39ED34E3B6}.Release|x86.ActiveCfg = Release|Any CPU
		{0C549B87-BCD9-49F0-8975-7A39ED34E3B6}.Release|x86.Build.0 = Release|Any CPU
		{217E9C68-3329-41CB-B32E-AE78E6892928}.Debug|Any CPU.ActiveCfg = Debug|Any CPU
		{217E9C68-3329-41CB-B32E-AE78E6892928}.Debug|Any CPU.Build.0 = Debug|Any CPU
		{217E9C68-3329-41CB-B32E-AE78E6892928}.Debug|x64.ActiveCfg = Debug|Any CPU
		{217E9C68-3329-41CB-B32E-AE78E6892928}.Debug|x64.Build.0 = Debug|Any CPU
		{217E9C68-3329-41CB-B32E-AE78E6892928}.Debug|x86.ActiveCfg = Debug|Any CPU
		{217E9C68-3329-41CB-B32E-AE78E6892928}.Debug|x86.Build.0 = Debug|Any CPU
		{217E9C68-3329-41CB-B32E-AE78E6892928}.Release|Any CPU.ActiveCfg = Release|Any CPU
		{217E9C68-3329-41CB-B32E-AE78E6892928}.Release|Any CPU.Build.0 = Release|Any CPU
		{217E9C68-3329-41CB-B32E-AE78E6892928}.Release|x64.ActiveCfg = Release|Any CPU
		{217E9C68-3329-41CB-B32E-AE78E6892928}.Release|x64.Build.0 = Release|Any CPU
		{217E9C68-3329-41CB-B32E-AE78E6892928}.Release|x86.ActiveCfg = Release|Any CPU
		{217E9C68-3329-41CB-B32E-AE78E6892928}.Release|x86.Build.0 = Release|Any CPU
		{16B0CF1C-5D7B-46D5-9311-94C1435285CA}.Debug|Any CPU.ActiveCfg = Debug|Any CPU
		{16B0CF1C-5D7B-46D5-9311-94C1435285CA}.Debug|Any CPU.Build.0 = Debug|Any CPU
		{16B0CF1C-5D7B-46D5-9311-94C1435285CA}.Debug|x64.ActiveCfg = Debug|Any CPU
		{16B0CF1C-5D7B-46D5-9311-94C1435285CA}.Debug|x64.Build.0 = Debug|Any CPU
		{16B0CF1C-5D7B-46D5-9311-94C1435285CA}.Debug|x86.ActiveCfg = Debug|Any CPU
		{16B0CF1C-5D7B-46D5-9311-94C1435285CA}.Debug|x86.Build.0 = Debug|Any CPU
		{16B0CF1C-5D7B-46D5-9311-94C1435285CA}.Release|Any CPU.ActiveCfg = Release|Any CPU
		{16B0CF1C-5D7B-46D5-9311-94C1435285CA}.Release|Any CPU.Build.0 = Release|Any CPU
		{16B0CF1C-5D7B-46D5-9311-94C1435285CA}.Release|x64.ActiveCfg = Release|Any CPU
		{16B0CF1C-5D7B-46D5-9311-94C1435285CA}.Release|x64.Build.0 = Release|Any CPU
		{16B0CF1C-5D7B-46D5-9311-94C1435285CA}.Release|x86.ActiveCfg = Release|Any CPU
		{16B0CF1C-5D7B-46D5-9311-94C1435285CA}.Release|x86.Build.0 = Release|Any CPU
		{6EC28DDC-8960-4BBC-9AE1-AA7BB50804B3}.Debug|Any CPU.ActiveCfg = Debug|Any CPU
		{6EC28DDC-8960-4BBC-9AE1-AA7BB50804B3}.Debug|Any CPU.Build.0 = Debug|Any CPU
		{6EC28DDC-8960-4BBC-9AE1-AA7BB50804B3}.Debug|x64.ActiveCfg = Debug|Any CPU
		{6EC28DDC-8960-4BBC-9AE1-AA7BB50804B3}.Debug|x64.Build.0 = Debug|Any CPU
		{6EC28DDC-8960-4BBC-9AE1-AA7BB50804B3}.Debug|x86.ActiveCfg = Debug|Any CPU
		{6EC28DDC-8960-4BBC-9AE1-AA7BB50804B3}.Debug|x86.Build.0 = Debug|Any CPU
		{6EC28DDC-8960-4BBC-9AE1-AA7BB50804B3}.Release|Any CPU.ActiveCfg = Release|Any CPU
		{6EC28DDC-8960-4BBC-9AE1-AA7BB50804B3}.Release|Any CPU.Build.0 = Release|Any CPU
		{6EC28DDC-8960-4BBC-9AE1-AA7BB50804B3}.Release|x64.ActiveCfg = Release|Any CPU
		{6EC28DDC-8960-4BBC-9AE1-AA7BB50804B3}.Release|x64.Build.0 = Release|Any CPU
		{6EC28DDC-8960-4BBC-9AE1-AA7BB50804B3}.Release|x86.ActiveCfg = Release|Any CPU
		{6EC28DDC-8960-4BBC-9AE1-AA7BB50804B3}.Release|x86.Build.0 = Release|Any CPU
		{A6C0322E-756F-46A5-B90F-79A9DF480280}.Debug|Any CPU.ActiveCfg = Debug|Any CPU
		{A6C0322E-756F-46A5-B90F-79A9DF480280}.Debug|Any CPU.Build.0 = Debug|Any CPU
		{A6C0322E-756F-46A5-B90F-79A9DF480280}.Debug|x64.ActiveCfg = Debug|Any CPU
		{A6C0322E-756F-46A5-B90F-79A9DF480280}.Debug|x64.Build.0 = Debug|Any CPU
		{A6C0322E-756F-46A5-B90F-79A9DF480280}.Debug|x86.ActiveCfg = Debug|Any CPU
		{A6C0322E-756F-46A5-B90F-79A9DF480280}.Debug|x86.Build.0 = Debug|Any CPU
		{A6C0322E-756F-46A5-B90F-79A9DF480280}.Release|Any CPU.ActiveCfg = Release|Any CPU
		{A6C0322E-756F-46A5-B90F-79A9DF480280}.Release|Any CPU.Build.0 = Release|Any CPU
		{A6C0322E-756F-46A5-B90F-79A9DF480280}.Release|x64.ActiveCfg = Release|Any CPU
		{A6C0322E-756F-46A5-B90F-79A9DF480280}.Release|x64.Build.0 = Release|Any CPU
		{A6C0322E-756F-46A5-B90F-79A9DF480280}.Release|x86.ActiveCfg = Release|Any CPU
		{A6C0322E-756F-46A5-B90F-79A9DF480280}.Release|x86.Build.0 = Release|Any CPU
		{73FEBCAF-6888-4E06-B32C-ED83AA97B00A}.Debug|Any CPU.ActiveCfg = Debug|x86
		{73FEBCAF-6888-4E06-B32C-ED83AA97B00A}.Debug|Any CPU.Build.0 = Debug|x86
		{73FEBCAF-6888-4E06-B32C-ED83AA97B00A}.Debug|x64.ActiveCfg = Debug|x86
		{73FEBCAF-6888-4E06-B32C-ED83AA97B00A}.Debug|x64.Build.0 = Debug|x86
		{73FEBCAF-6888-4E06-B32C-ED83AA97B00A}.Debug|x86.ActiveCfg = Debug|x86
		{73FEBCAF-6888-4E06-B32C-ED83AA97B00A}.Debug|x86.Build.0 = Debug|x86
		{73FEBCAF-6888-4E06-B32C-ED83AA97B00A}.Release|Any CPU.ActiveCfg = Release|x86
		{73FEBCAF-6888-4E06-B32C-ED83AA97B00A}.Release|Any CPU.Build.0 = Release|x86
		{73FEBCAF-6888-4E06-B32C-ED83AA97B00A}.Release|x64.ActiveCfg = Release|x86
		{73FEBCAF-6888-4E06-B32C-ED83AA97B00A}.Release|x64.Build.0 = Release|x86
		{73FEBCAF-6888-4E06-B32C-ED83AA97B00A}.Release|x86.ActiveCfg = Release|x86
		{73FEBCAF-6888-4E06-B32C-ED83AA97B00A}.Release|x86.Build.0 = Release|x86
	EndGlobalSection
	GlobalSection(SolutionProperties) = preSolution
		HideSolutionNode = FALSE
	EndGlobalSection
	GlobalSection(NestedProjects) = preSolution
		{6998ABDC-8EEE-4330-B124-1DE8DC796756} = {827E0CD3-B72D-47B6-A68D-7590B98EB39B}
		{0C549B87-BCD9-49F0-8975-7A39ED34E3B6} = {827E0CD3-B72D-47B6-A68D-7590B98EB39B}
		{217E9C68-3329-41CB-B32E-AE78E6892928} = {827E0CD3-B72D-47B6-A68D-7590B98EB39B}
		{16B0CF1C-5D7B-46D5-9311-94C1435285CA} = {827E0CD3-B72D-47B6-A68D-7590B98EB39B}
		{6EC28DDC-8960-4BBC-9AE1-AA7BB50804B3} = {827E0CD3-B72D-47B6-A68D-7590B98EB39B}
		{A6C0322E-756F-46A5-B90F-79A9DF480280} = {827E0CD3-B72D-47B6-A68D-7590B98EB39B}
		{73FEBCAF-6888-4E06-B32C-ED83AA97B00A} = {827E0CD3-B72D-47B6-A68D-7590B98EB39B}
	EndGlobalSection
EndGlobal
